{
  "name": "relearning-profile-website",
  "version": "1.0.0",
  "lockfileVersion": 3,
  "requires": true,
  "packages": {
    "": {
      "name": "relearning-profile-website",
      "version": "1.0.0",
      "license": "ISC",
      "dependencies": {
        "@fontsource/jetbrains-mono": "^5.0.18"
      }
    },
    "node_modules/@fontsource/jetbrains-mono": {
      "version": "5.0.18",
      "resolved": "https://registry.npmjs.org/@fontsource/jetbrains-mono/-/jetbrains-mono-5.0.18.tgz",
      "integrity": "sha512-0+YDAaAnCdXjirHFO3NfHLUW8xtKCT5rlm23Q0qG3TpZp3QBrZh5r9ikUxh3ufHc2+fVnk4Y6GWNEnVIfB7u/g=="
    }
  }
}
